
Microsoft Visual Studio Solution File, Format Version 12.00
# Visual Studio 15
VisualStudioVersion = 15.0.27130.0
MinimumVisualStudioVersion = 10.0.40219.1
Project("{FAE04EC0-301F-11D3-BF4B-00C04F79EFBC}") = "CreationFichierDonnees", "CreationFichierDonnees\CreationFichierDonnees.csproj", "{44F04C2B-D0AB-4018-8F22-FCC6CFBAA336}"
EndProject
Global
	GlobalSection(SolutionConfigurationPlatforms) = preSolution
		Debug|Any CPU = Debug|Any CPU
		Release|Any CPU = Release|Any CPU
	EndGlobalSection
	GlobalSection(ProjectConfigurationPlatforms) = postSolution
		{44F04C2B-D0AB-4018-8F22-FCC6CFBAA336}.Debug|Any CPU.ActiveCfg = Debug|Any CPU
		{44F04C2B-D0AB-4018-8F22-FCC6CFBAA336}.Debug|Any CPU.Build.0 = Debug|Any CPU
		{44F04C2B-D0AB-4018-8F22-FCC6CFBAA336}.Release|Any CPU.ActiveCfg = Release|Any CPU
		{44F04C2B-D0AB-4018-8F22-FCC6CFBAA336}.Release|Any CPU.Build.0 = Release|Any CPU
	EndGlobalSection
	GlobalSection(SolutionProperties) = preSolution
		HideSolutionNode = FALSE
	EndGlobalSection
	GlobalSection(ExtensibilityGlobals) = postSolution
		SolutionGuid = {BA09ABFD-0AEB-405E-9E92-CB984126FF5B}
	EndGlobalSection
EndGlobal
